
Microsoft Visual Studio Solution File, Format Version 12.00
# Visual Studio Version 16
VisualStudioVersion = 16.0.32106.194
MinimumVisualStudioVersion = 10.0.40219.1
Project("{FAE04EC0-301F-11D3-BF4B-00C04F79EFBC}") = "BindingPractice", "BindingPractice\BindingPractice.csproj", "{CC4456D9-C489-40E2-B7BC-15AFD7582CE6}"
EndProject
Project("{FAE04EC0-301F-11D3-BF4B-00C04F79EFBC}") = "DeliciousMap", "DeliciousMap\DeliciousMap.csproj", "{05B2B695-050F-4035-85E8-64595F330879}"
EndProject
Project("{FAE04EC0-301F-11D3-BF4B-00C04F79EFBC}") = "TryTemplates", "TryTemplates\TryTemplates.csproj", "{D6C45FFB-8FAA-449A-ABF8-7A8B2F87404A}"
EndProject
Project("{FAE04EC0-301F-11D3-BF4B-00C04F79EFBC}") = "TryWebAPI", "TryWebAPI\TryWebAPI.csproj", "{407534E5-1DB5-473D-B558-3F3B52D5EFBD}"
EndProject
Project("{FAE04EC0-301F-11D3-BF4B-00C04F79EFBC}") = "TryReadAPI", "TryReadAPI\TryReadAPI.csproj", "{F319CBD9-8AA2-431C-AC8C-9C5EEB2446D7}"
EndProject
Global
	GlobalSection(SolutionConfigurationPlatforms) = preSolution
		Debug|Any CPU = Debug|Any CPU
		Release|Any CPU = Release|Any CPU
	EndGlobalSection
	GlobalSection(ProjectConfigurationPlatforms) = postSolution
		{CC4456D9-C489-40E2-B7BC-15AFD7582CE6}.Debug|Any CPU.ActiveCfg = Debug|Any CPU
		{CC4456D9-C489-40E2-B7BC-15AFD7582CE6}.Debug|Any CPU.Build.0 = Debug|Any CPU
		{CC4456D9-C489-40E2-B7BC-15AFD7582CE6}.Release|Any CPU.ActiveCfg = Release|Any CPU
		{CC4456D9-C489-40E2-B7BC-15AFD7582CE6}.Release|Any CPU.Build.0 = Release|Any CPU
		{05B2B695-050F-4035-85E8-64595F330879}.Debug|Any CPU.ActiveCfg = Debug|Any CPU
		{05B2B695-050F-4035-85E8-64595F330879}.Debug|Any CPU.Build.0 = Debug|Any CPU
		{05B2B695-050F-4035-85E8-64595F330879}.Release|Any CPU.ActiveCfg = Release|Any CPU
		{05B2B695-050F-4035-85E8-64595F330879}.Release|Any CPU.Build.0 = Release|Any CPU
		{D6C45FFB-8FAA-449A-ABF8-7A8B2F87404A}.Debug|Any CPU.ActiveCfg = Debug|Any CPU
		{D6C45FFB-8FAA-449A-ABF8-7A8B2F87404A}.Debug|Any CPU.Build.0 = Debug|Any CPU
		{D6C45FFB-8FAA-449A-ABF8-7A8B2F87404A}.Release|Any CPU.ActiveCfg = Release|Any CPU
		{D6C45FFB-8FAA-449A-ABF8-7A8B2F87404A}.Release|Any CPU.Build.0 = Release|Any CPU
		{407534E5-1DB5-473D-B558-3F3B52D5EFBD}.Debug|Any CPU.ActiveCfg = Debug|Any CPU
		{407534E5-1DB5-473D-B558-3F3B52D5EFBD}.Debug|Any CPU.Build.0 = Debug|Any CPU
		{407534E5-1DB5-473D-B558-3F3B52D5EFBD}.Release|Any CPU.ActiveCfg = Release|Any CPU
		{407534E5-1DB5-473D-B558-3F3B52D5EFBD}.Release|Any CPU.Build.0 = Release|Any CPU
		{F319CBD9-8AA2-431C-AC8C-9C5EEB2446D7}.Debug|Any CPU.ActiveCfg = Debug|Any CPU
		{F319CBD9-8AA2-431C-AC8C-9C5EEB2446D7}.Debug|Any CPU.Build.0 = Debug|Any CPU
		{F319CBD9-8AA2-431C-AC8C-9C5EEB2446D7}.Release|Any CPU.ActiveCfg = Release|Any CPU
		{F319CBD9-8AA2-431C-AC8C-9C5EEB2446D7}.Release|Any CPU.Build.0 = Release|Any CPU
	EndGlobalSection
	GlobalSection(SolutionProperties) = preSolution
		HideSolutionNode = FALSE
	EndGlobalSection
	GlobalSection(ExtensibilityGlobals) = postSolution
		SolutionGuid = {0E1A4F5F-5278-4BB9-B994-EB858CBE6A3D}
	EndGlobalSection
EndGlobal
