
Microsoft Visual Studio Solution File, Format Version 12.00
# Visual Studio Version 16
VisualStudioVersion = 16.0.32106.194
MinimumVisualStudioVersion = 10.0.40219.1
Project("{FAE04EC0-301F-11D3-BF4B-00C04F79EFBC}") = "BindingPractice", "BindingPractice\BindingPractice.csproj", "{CC4456D9-C489-40E2-B7BC-15AFD7582CE6}"
EndProject
Project("{FAE04EC0-301F-11D3-BF4B-00C04F79EFBC}") = "DeliciousMap", "DeliciousMap\DeliciousMap.csproj", "{05B2B695-050F-4035-85E8-64595F330879}"
EndProject
Global
	GlobalSection(SolutionConfigurationPlatforms) = preSolution
		Debug|Any CPU = Debug|Any CPU
		Release|Any CPU = Release|Any CPU
	EndGlobalSection
	GlobalSection(ProjectConfigurationPlatforms) = postSolution
		{CC4456D9-C489-40E2-B7BC-15AFD7582CE6}.Debug|Any CPU.ActiveCfg = Debug|Any CPU
		{CC4456D9-C489-40E2-B7BC-15AFD7582CE6}.Debug|Any CPU.Build.0 = Debug|Any CPU
		{CC4456D9-C489-40E2-B7BC-15AFD7582CE6}.Release|Any CPU.ActiveCfg = Release|Any CPU
		{CC4456D9-C489-40E2-B7BC-15AFD7582CE6}.Release|Any CPU.Build.0 = Release|Any CPU
		{05B2B695-050F-4035-85E8-64595F330879}.Debug|Any CPU.ActiveCfg = Debug|Any CPU
		{05B2B695-050F-4035-85E8-64595F330879}.Debug|Any CPU.Build.0 = Debug|Any CPU
		{05B2B695-050F-4035-85E8-64595F330879}.Release|Any CPU.ActiveCfg = Release|Any CPU
		{05B2B695-050F-4035-85E8-64595F330879}.Release|Any CPU.Build.0 = Release|Any CPU
	EndGlobalSection
	GlobalSection(SolutionProperties) = preSolution
		HideSolutionNode = FALSE
	EndGlobalSection
	GlobalSection(ExtensibilityGlobals) = postSolution
		SolutionGuid = {0E1A4F5F-5278-4BB9-B994-EB858CBE6A3D}
	EndGlobalSection
EndGlobal
